// !$*UTF8*$!
{
	archiveVersion = 1;
	classes = {
	};
	objectVersion = 48;
	objects = {

/* Begin PBXBuildFile section */
		AEDFEA5C203E7899009A48B8 /* AppDelegate.swift in Sources */ = {isa = PBXBuildFile; fileRef = AEDFEA5B203E7899009A48B8 /* AppDelegate.swift */; };
		AEDFEA5E203E7899009A48B8 /* ViewController.swift in Sources */ = {isa = PBXBuildFile; fileRef = AEDFEA5D203E7899009A48B8 /* ViewController.swift */; };
		AEDFEA61203E7899009A48B8 /* Main.storyboard in Resources */ = {isa = PBXBuildFile; fileRef = AEDFEA5F203E7899009A48B8 /* Main.storyboard */; };
		AEDFEA63203E7899009A48B8 /* Assets.xcassets in Resources */ = {isa = PBXBuildFile; fileRef = AEDFEA62203E7899009A48B8 /* Assets.xcassets */; };
		AEDFEA66203E7899009A48B8 /* LaunchScreen.storyboard in Resources */ = {isa = PBXBuildFile; fileRef = AEDFEA64203E7899009A48B8 /* LaunchScreen.storyboard */; };
		AEDFEA7320436556009A48B8 /* PlayerTrackerTableViewCell.swift in Sources */ = {isa = PBXBuildFile; fileRef = AEDFEA7120436556009A48B8 /* PlayerTrackerTableViewCell.swift */; };
		AEDFEA7420436556009A48B8 /* PlayerTrackerTableViewCell.xib in Resources */ = {isa = PBXBuildFile; fileRef = AEDFEA7220436556009A48B8 /* PlayerTrackerTableViewCell.xib */; };
		AEDFEA7820438BF6009A48B8 /* InitiativeTrackerViewController.swift in Sources */ = {isa = PBXBuildFile; fileRef = AEDFEA7720438BF6009A48B8 /* InitiativeTrackerViewController.swift */; };
		AEDFEA7A20438E78009A48B8 /* Player.swift in Sources */ = {isa = PBXBuildFile; fileRef = AEDFEA7920438E78009A48B8 /* Player.swift */; };
/* End PBXBuildFile section */

/* Begin PBXFileReference section */
		AEDFEA58203E7899009A48B8 /* tracknshield.app */ = {isa = PBXFileReference; explicitFileType = wrapper.application; includeInIndex = 0; path = tracknshield.app; sourceTree = BUILT_PRODUCTS_DIR; };
		AEDFEA5B203E7899009A48B8 /* AppDelegate.swift */ = {isa = PBXFileReference; lastKnownFileType = sourcecode.swift; path = AppDelegate.swift; sourceTree = "<group>"; };
		AEDFEA5D203E7899009A48B8 /* ViewController.swift */ = {isa = PBXFileReference; lastKnownFileType = sourcecode.swift; path = ViewController.swift; sourceTree = "<group>"; };
		AEDFEA60203E7899009A48B8 /* Base */ = {isa = PBXFileReference; lastKnownFileType = file.storyboard; name = Base; path = Base.lproj/Main.storyboard; sourceTree = "<group>"; };
		AEDFEA62203E7899009A48B8 /* Assets.xcassets */ = {isa = PBXFileReference; lastKnownFileType = folder.assetcatalog; path = Assets.xcassets; sourceTree = "<group>"; };
		AEDFEA65203E7899009A48B8 /* Base */ = {isa = PBXFileReference; lastKnownFileType = file.storyboard; name = Base; path = Base.lproj/LaunchScreen.storyboard; sourceTree = "<group>"; };
		AEDFEA67203E7899009A48B8 /* Info.plist */ = {isa = PBXFileReference; lastKnownFileType = text.plist.xml; path = Info.plist; sourceTree = "<group>"; };
		AEDFEA7120436556009A48B8 /* PlayerTrackerTableViewCell.swift */ = {isa = PBXFileReference; lastKnownFileType = sourcecode.swift; path = PlayerTrackerTableViewCell.swift; sourceTree = "<group>"; };
		AEDFEA7220436556009A48B8 /* PlayerTrackerTableViewCell.xib */ = {isa = PBXFileReference; lastKnownFileType = file.xib; path = PlayerTrackerTableViewCell.xib; sourceTree = "<group>"; };
		AEDFEA7720438BF6009A48B8 /* InitiativeTrackerViewController.swift */ = {isa = PBXFileReference; lastKnownFileType = sourcecode.swift; path = InitiativeTrackerViewController.swift; sourceTree = "<group>"; };
		AEDFEA7920438E78009A48B8 /* Player.swift */ = {isa = PBXFileReference; lastKnownFileType = sourcecode.swift; path = Player.swift; sourceTree = "<group>"; };
/* End PBXFileReference section */

/* Begin PBXFrameworksBuildPhase section */
		AEDFEA55203E7899009A48B8 /* Frameworks */ = {
			isa = PBXFrameworksBuildPhase;
			buildActionMask = 2147483647;
			files = (
			);
			runOnlyForDeploymentPostprocessing = 0;
		};
/* End PBXFrameworksBuildPhase section */

/* Begin PBXGroup section */
		AEDFEA4F203E7899009A48B8 = {
			isa = PBXGroup;
			children = (
				AEDFEA6D20436159009A48B8 /* tracknshieldCore */,
				AEDFEA5A203E7899009A48B8 /* tracknshield */,
				AEDFEA59203E7899009A48B8 /* Products */,
			);
			sourceTree = "<group>";
		};
		AEDFEA59203E7899009A48B8 /* Products */ = {
			isa = PBXGroup;
			children = (
				AEDFEA58203E7899009A48B8 /* tracknshield.app */,
			);
			name = Products;
			sourceTree = "<group>";
		};
		AEDFEA5A203E7899009A48B8 /* tracknshield */ = {
			isa = PBXGroup;
			children = (
				AEDFEA70204361AA009A48B8 /* CustomCells */,
				AEDFEA6F204361A3009A48B8 /* Storyboards */,
				AEDFEA6E20436194009A48B8 /* ViewControllers */,
				AEDFEA5B203E7899009A48B8 /* AppDelegate.swift */,
				AEDFEA5D203E7899009A48B8 /* ViewController.swift */,
				AEDFEA62203E7899009A48B8 /* Assets.xcassets */,
				AEDFEA64203E7899009A48B8 /* LaunchScreen.storyboard */,
				AEDFEA67203E7899009A48B8 /* Info.plist */,
			);
			path = tracknshield;
			sourceTree = "<group>";
		};
		AEDFEA6D20436159009A48B8 /* tracknshieldCore */ = {
			isa = PBXGroup;
			children = (
				AEDFEA7C2043C297009A48B8 /* data access */,
				AEDFEA7B2043C27E009A48B8 /* protocols */,
				AEDFEA76204386A7009A48B8 /* services */,
				AEDFEA75204386A0009A48B8 /* models */,
			);
			path = tracknshieldCore;
			sourceTree = "<group>";
		};
		AEDFEA6E20436194009A48B8 /* ViewControllers */ = {
			isa = PBXGroup;
			children = (
				AEDFEA7720438BF6009A48B8 /* InitiativeTrackerViewController.swift */,
			);
			path = ViewControllers;
			sourceTree = "<group>";
		};
		AEDFEA6F204361A3009A48B8 /* Storyboards */ = {
			isa = PBXGroup;
			children = (
				AEDFEA5F203E7899009A48B8 /* Main.storyboard */,
			);
			path = Storyboards;
			sourceTree = "<group>";
		};
		AEDFEA70204361AA009A48B8 /* CustomCells */ = {
			isa = PBXGroup;
			children = (
				AEDFEA7120436556009A48B8 /* PlayerTrackerTableViewCell.swift */,
				AEDFEA7220436556009A48B8 /* PlayerTrackerTableViewCell.xib */,
			);
			path = CustomCells;
			sourceTree = "<group>";
		};
		AEDFEA75204386A0009A48B8 /* models */ = {
			isa = PBXGroup;
			children = (
				AEDFEA7920438E78009A48B8 /* Player.swift */,
			);
			path = models;
			sourceTree = "<group>";
		};
		AEDFEA76204386A7009A48B8 /* services */ = {
			isa = PBXGroup;
			children = (
			);
			path = services;
			sourceTree = "<group>";
		};
		AEDFEA7B2043C27E009A48B8 /* protocols */ = {
			isa = PBXGroup;
			children = (
			);
			path = protocols;
			sourceTree = "<group>";
		};
		AEDFEA7C2043C297009A48B8 /* data access */ = {
			isa = PBXGroup;
			children = (
			);
			path = "data access";
			sourceTree = "<group>";
		};
/* End PBXGroup section */

/* Begin PBXNativeTarget section */
		AEDFEA57203E7899009A48B8 /* tracknshield */ = {
			isa = PBXNativeTarget;
			buildConfigurationList = AEDFEA6A203E7899009A48B8 /* Build configuration list for PBXNativeTarget "tracknshield" */;
			buildPhases = (
				AEDFEA54203E7899009A48B8 /* Sources */,
				AEDFEA55203E7899009A48B8 /* Frameworks */,
				AEDFEA56203E7899009A48B8 /* Resources */,
			);
			buildRules = (
			);
			dependencies = (
			);
			name = tracknshield;
			productName = tracknshield;
			productReference = AEDFEA58203E7899009A48B8 /* tracknshield.app */;
			productType = "com.apple.product-type.application";
		};
/* End PBXNativeTarget section */

/* Begin PBXProject section */
		AEDFEA50203E7899009A48B8 /* Project object */ = {
			isa = PBXProject;
			attributes = {
				LastSwiftUpdateCheck = 0920;
				LastUpgradeCheck = 0920;
				ORGANIZATIONNAME = "Michael Turbe";
				TargetAttributes = {
					AEDFEA57203E7899009A48B8 = {
						CreatedOnToolsVersion = 9.2;
						ProvisioningStyle = Automatic;
					};
				};
			};
			buildConfigurationList = AEDFEA53203E7899009A48B8 /* Build configuration list for PBXProject "tracknshield" */;
			compatibilityVersion = "Xcode 8.0";
			developmentRegion = en;
			hasScannedForEncodings = 0;
			knownRegions = (
				en,
				Base,
			);
			mainGroup = AEDFEA4F203E7899009A48B8;
			productRefGroup = AEDFEA59203E7899009A48B8 /* Products */;
			projectDirPath = "";
			projectRoot = "";
			targets = (
				AEDFEA57203E7899009A48B8 /* tracknshield */,
			);
		};
/* End PBXProject section */

/* Begin PBXResourcesBuildPhase section */
		AEDFEA56203E7899009A48B8 /* Resources */ = {
			isa = PBXResourcesBuildPhase;
			buildActionMask = 2147483647;
			files = (
				AEDFEA66203E7899009A48B8 /* LaunchScreen.storyboard in Resources */,
				AEDFEA63203E7899009A48B8 /* Assets.xcassets in Resources */,
				AEDFEA61203E7899009A48B8 /* Main.storyboard in Resources */,
				AEDFEA7420436556009A48B8 /* PlayerTrackerTableViewCell.xib in Resources */,
			);
			runOnlyForDeploymentPostprocessing = 0;
		};
/* End PBXResourcesBuildPhase section */

/* Begin PBXSourcesBuildPhase section */
		AEDFEA54203E7899009A48B8 /* Sources */ = {
			isa = PBXSourcesBuildPhase;
			buildActionMask = 2147483647;
			files = (
				AEDFEA5E203E7899009A48B8 /* ViewController.swift in Sources */,
				AEDFEA7320436556009A48B8 /* PlayerTrackerTableViewCell.swift in Sources */,
				AEDFEA7820438BF6009A48B8 /* InitiativeTrackerViewController.swift in Sources */,
				AEDFEA7A20438E78009A48B8 /* Player.swift in Sources */,
				AEDFEA5C203E7899009A48B8 /* AppDelegate.swift in Sources */,
			);
			runOnlyForDeploymentPostprocessing = 0;
		};
/* End PBXSourcesBuildPhase section */

/* Begin PBXVariantGroup section */
		AEDFEA5F203E7899009A48B8 /* Main.storyboard */ = {
			isa = PBXVariantGroup;
			children = (
				AEDFEA60203E7899009A48B8 /* Base */,
			);
			name = Main.storyboard;
			sourceTree = "<group>";
		};
		AEDFEA64203E7899009A48B8 /* LaunchScreen.storyboard */ = {
			isa = PBXVariantGroup;
			children = (
				AEDFEA65203E7899009A48B8 /* Base */,
			);
			name = LaunchScreen.storyboard;
			sourceTree = "<group>";
		};
/* End PBXVariantGroup section */

/* Begin XCBuildConfiguration section */
		AEDFEA68203E7899009A48B8 /* Debug */ = {
			isa = XCBuildConfiguration;
			buildSettings = {
				ALWAYS_SEARCH_USER_PATHS = NO;
				CLANG_ANALYZER_NONNULL = YES;
				CLANG_ANALYZER_NUMBER_OBJECT_CONVERSION = YES_AGGRESSIVE;
				CLANG_CXX_LANGUAGE_STANDARD = "gnu++14";
				CLANG_CXX_LIBRARY = "libc++";
				CLANG_ENABLE_MODULES = YES;
				CLANG_ENABLE_OBJC_ARC = YES;
				CLANG_WARN_BLOCK_CAPTURE_AUTORELEASING = YES;
				CLANG_WARN_BOOL_CONVERSION = YES;
				CLANG_WARN_COMMA = YES;
				CLANG_WARN_CONSTANT_CONVERSION = YES;
				CLANG_WARN_DIRECT_OBJC_ISA_USAGE = YES_ERROR;
				CLANG_WARN_DOCUMENTATION_COMMENTS = YES;
				CLANG_WARN_EMPTY_BODY = YES;
				CLANG_WARN_ENUM_CONVERSION = YES;
				CLANG_WARN_INFINITE_RECURSION = YES;
				CLANG_WARN_INT_CONVERSION = YES;
				CLANG_WARN_NON_LITERAL_NULL_CONVERSION = YES;
				CLANG_WARN_OBJC_LITERAL_CONVERSION = YES;
				CLANG_WARN_OBJC_ROOT_CLASS = YES_ERROR;
				CLANG_WARN_RANGE_LOOP_ANALYSIS = YES;
				CLANG_WARN_STRICT_PROTOTYPES = YES;
				CLANG_WARN_SUSPICIOUS_MOVE = YES;
				CLANG_WARN_UNGUARDED_AVAILABILITY = YES_AGGRESSIVE;
				CLANG_WARN_UNREACHABLE_CODE = YES;
				CLANG_WARN__DUPLICATE_METHOD_MATCH = YES;
				CODE_SIGN_IDENTITY = "iPhone Developer";
				COPY_PHASE_STRIP = NO;
				DEBUG_INFORMATION_FORMAT = dwarf;
				ENABLE_STRICT_OBJC_MSGSEND = YES;
				ENABLE_TESTABILITY = YES;
				GCC_C_LANGUAGE_STANDARD = gnu11;
				GCC_DYNAMIC_NO_PIC = NO;
				GCC_NO_COMMON_BLOCKS = YES;
				GCC_OPTIMIZATION_LEVEL = 0;
				GCC_PREPROCESSOR_DEFINITIONS = (
					"DEBUG=1",
					"$(inherited)",
				);
				GCC_WARN_64_TO_32_BIT_CONVERSION = YES;
				GCC_WARN_ABOUT_RETURN_TYPE = YES_ERROR;
				GCC_WARN_UNDECLARED_SELECTOR = YES;
				GCC_WARN_UNINITIALIZED_AUTOS = YES_AGGRESSIVE;
				GCC_WARN_UNUSED_FUNCTION = YES;
				GCC_WARN_UNUSED_VARIABLE = YES;
				IPHONEOS_DEPLOYMENT_TARGET = 11.2;
				MTL_ENABLE_DEBUG_INFO = YES;
				ONLY_ACTIVE_ARCH = YES;
				SDKROOT = iphoneos;
				SWIFT_ACTIVE_COMPILATION_CONDITIONS = DEBUG;
				SWIFT_OPTIMIZATION_LEVEL = "-Onone";
			};
			name = Debug;
		};
		AEDFEA69203E7899009A48B8 /* Release */ = {
			isa = XCBuildConfiguration;
			buildSettings = {
				ALWAYS_SEARCH_USER_PATHS = NO;
				CLANG_ANALYZER_NONNULL = YES;
				CLANG_ANALYZER_NUMBER_OBJECT_CONVERSION = YES_AGGRESSIVE;
				CLANG_CXX_LANGUAGE_STANDARD = "gnu++14";
				CLANG_CXX_LIBRARY = "libc++";
				CLANG_ENABLE_MODULES = YES;
				CLANG_ENABLE_OBJC_ARC = YES;
				CLANG_WARN_BLOCK_CAPTURE_AUTORELEASING = YES;
				CLANG_WARN_BOOL_CONVERSION = YES;
				CLANG_WARN_COMMA = YES;
				CLANG_WARN_CONSTANT_CONVERSION = YES;
				CLANG_WARN_DIRECT_OBJC_ISA_USAGE = YES_ERROR;
				CLANG_WARN_DOCUMENTATION_COMMENTS = YES;
				CLANG_WARN_EMPTY_BODY = YES;
				CLANG_WARN_ENUM_CONVERSION = YES;
				CLANG_WARN_INFINITE_RECURSION = YES;
				CLANG_WARN_INT_CONVERSION = YES;
				CLANG_WARN_NON_LITERAL_NULL_CONVERSION = YES;
				CLANG_WARN_OBJC_LITERAL_CONVERSION = YES;
				CLANG_WARN_OBJC_ROOT_CLASS = YES_ERROR;
				CLANG_WARN_RANGE_LOOP_ANALYSIS = YES;
				CLANG_WARN_STRICT_PROTOTYPES = YES;
				CLANG_WARN_SUSPICIOUS_MOVE = YES;
				CLANG_WARN_UNGUARDED_AVAILABILITY = YES_AGGRESSIVE;
				CLANG_WARN_UNREACHABLE_CODE = YES;
				CLANG_WARN__DUPLICATE_METHOD_MATCH = YES;
				CODE_SIGN_IDENTITY = "iPhone Developer";
				COPY_PHASE_STRIP = NO;
				DEBUG_INFORMATION_FORMAT = "dwarf-with-dsym";
				ENABLE_NS_ASSERTIONS = NO;
				ENABLE_STRICT_OBJC_MSGSEND = YES;
				GCC_C_LANGUAGE_STANDARD = gnu11;
				GCC_NO_COMMON_BLOCKS = YES;
				GCC_WARN_64_TO_32_BIT_CONVERSION = YES;
				GCC_WARN_ABOUT_RETURN_TYPE = YES_ERROR;
				GCC_WARN_UNDECLARED_SELECTOR = YES;
				GCC_WARN_UNINITIALIZED_AUTOS = YES_AGGRESSIVE;
				GCC_WARN_UNUSED_FUNCTION = YES;
				GCC_WARN_UNUSED_VARIABLE = YES;
				IPHONEOS_DEPLOYMENT_TARGET = 11.2;
				MTL_ENABLE_DEBUG_INFO = NO;
				SDKROOT = iphoneos;
				SWIFT_OPTIMIZATION_LEVEL = "-Owholemodule";
				VALIDATE_PRODUCT = YES;
			};
			name = Release;
		};
		AEDFEA6B203E7899009A48B8 /* Debug */ = {
			isa = XCBuildConfiguration;
			buildSettings = {
				ASSETCATALOG_COMPILER_APPICON_NAME = AppIcon;
				CODE_SIGN_STYLE = Automatic;
				DEVELOPMENT_TEAM = FPVD875RBX;
				INFOPLIST_FILE = tracknshield/Info.plist;
				IPHONEOS_DEPLOYMENT_TARGET = 10.0;
				LD_RUNPATH_SEARCH_PATHS = "$(inherited) @executable_path/Frameworks";
				PRODUCT_BUNDLE_IDENTIFIER = mindfuleye.software.tracknshield;
				PRODUCT_NAME = "$(TARGET_NAME)";
				SWIFT_VERSION = 4.0;
				TARGETED_DEVICE_FAMILY = "1,2";
			};
			name = Debug;
		};
		AEDFEA6C203E7899009A48B8 /* Release */ = {
			isa = XCBuildConfiguration;
			buildSettings = {
				ASSETCATALOG_COMPILER_APPICON_NAME = AppIcon;
				CODE_SIGN_STYLE = Automatic;
				DEVELOPMENT_TEAM = FPVD875RBX;
				INFOPLIST_FILE = tracknshield/Info.plist;
				IPHONEOS_DEPLOYMENT_TARGET = 10.0;
				LD_RUNPATH_SEARCH_PATHS = "$(inherited) @executable_path/Frameworks";
				PRODUCT_BUNDLE_IDENTIFIER = mindfuleye.software.tracknshield;
				PRODUCT_NAME = "$(TARGET_NAME)";
				SWIFT_VERSION = 4.0;
				TARGETED_DEVICE_FAMILY = "1,2";
			};
			name = Release;
		};
/* End XCBuildConfiguration section */

/* Begin XCConfigurationList section */
		AEDFEA53203E7899009A48B8 /* Build configuration list for PBXProject "tracknshield" */ = {
			isa = XCConfigurationList;
			buildConfigurations = (
				AEDFEA68203E7899009A48B8 /* Debug */,
				AEDFEA69203E7899009A48B8 /* Release */,
			);
			defaultConfigurationIsVisible = 0;
			defaultConfigurationName = Release;
		};
		AEDFEA6A203E7899009A48B8 /* Build configuration list for PBXNativeTarget "tracknshield" */ = {
			isa = XCConfigurationList;
			buildConfigurations = (
				AEDFEA6B203E7899009A48B8 /* Debug */,
				AEDFEA6C203E7899009A48B8 /* Release */,
			);
			defaultConfigurationIsVisible = 0;
			defaultConfigurationName = Release;
		};
/* End XCConfigurationList section */
	};
	rootObject = AEDFEA50203E7899009A48B8 /* Project object */;
}
